
Microsoft Visual Studio Solution File, Format Version 12.00
# Visual Studio Version 16
VisualStudioVersion = 16.0.28922.388
MinimumVisualStudioVersion = 10.0.40219.1
Project("{FAE04EC0-301F-11D3-BF4B-00C04F79EFBC}") = "FourPaws.Domain", "FourPaws.Domain\FourPaws.Domain.csproj", "{EFC62793-47DC-4F9B-A4DA-1CB51868478A}"
EndProject
Project("{FAE04EC0-301F-11D3-BF4B-00C04F79EFBC}") = "FourPaws.WebUI", "FourPaws.WebUI\FourPaws.WebUI.csproj", "{1D266072-2BBE-4D02-9213-C9290D133AF5}"
EndProject
Global
	GlobalSection(SolutionConfigurationPlatforms) = preSolution
		Debug|Any CPU = Debug|Any CPU
		Release|Any CPU = Release|Any CPU
	EndGlobalSection
	GlobalSection(ProjectConfigurationPlatforms) = postSolution
		{EFC62793-47DC-4F9B-A4DA-1CB51868478A}.Debug|Any CPU.ActiveCfg = Debug|Any CPU
		{EFC62793-47DC-4F9B-A4DA-1CB51868478A}.Debug|Any CPU.Build.0 = Debug|Any CPU
		{EFC62793-47DC-4F9B-A4DA-1CB51868478A}.Release|Any CPU.ActiveCfg = Release|Any CPU
		{EFC62793-47DC-4F9B-A4DA-1CB51868478A}.Release|Any CPU.Build.0 = Release|Any CPU
		{1D266072-2BBE-4D02-9213-C9290D133AF5}.Debug|Any CPU.ActiveCfg = Debug|Any CPU
		{1D266072-2BBE-4D02-9213-C9290D133AF5}.Debug|Any CPU.Build.0 = Debug|Any CPU
		{1D266072-2BBE-4D02-9213-C9290D133AF5}.Release|Any CPU.ActiveCfg = Release|Any CPU
		{1D266072-2BBE-4D02-9213-C9290D133AF5}.Release|Any CPU.Build.0 = Release|Any CPU
	EndGlobalSection
	GlobalSection(SolutionProperties) = preSolution
		HideSolutionNode = FALSE
	EndGlobalSection
	GlobalSection(ExtensibilityGlobals) = postSolution
		SolutionGuid = {271DC825-E648-4D8D-913B-C54D788A8A47}
	EndGlobalSection
EndGlobal
